
Microsoft Visual Studio Solution File, Format Version 12.00
# Visual Studio 2012
Project("{FAE04EC0-301F-11D3-BF4B-00C04F79EFBC}") = "Nautilus", "Nautilus\Nautilus.csproj", "{50D78A3B-1168-4CCD-9BE4-3A899ED4EBF6}"
EndProject
Project("{FAE04EC0-301F-11D3-BF4B-00C04F79EFBC}") = "Nautilus.Framework", "Nautilus.Framework\Nautilus.Framework.csproj", "{CA7D0344-62C2-4E1D-A1D8-D6312929B22E}"
EndProject
Project("{FAE04EC0-301F-11D3-BF4B-00C04F79EFBC}") = "Nautilus.Tests", "Nautilus.Tests\Nautilus.Tests.csproj", "{C008B294-7C71-4E5C-BAE5-D4A48323208B}"
EndProject
Global
	GlobalSection(SolutionConfigurationPlatforms) = preSolution
		Debug|Any CPU = Debug|Any CPU
		Release|Any CPU = Release|Any CPU
	EndGlobalSection
	GlobalSection(ProjectConfigurationPlatforms) = postSolution
		{50D78A3B-1168-4CCD-9BE4-3A899ED4EBF6}.Debug|Any CPU.ActiveCfg = Debug|Any CPU
		{50D78A3B-1168-4CCD-9BE4-3A899ED4EBF6}.Debug|Any CPU.Build.0 = Debug|Any CPU
		{50D78A3B-1168-4CCD-9BE4-3A899ED4EBF6}.Release|Any CPU.ActiveCfg = Release|Any CPU
		{50D78A3B-1168-4CCD-9BE4-3A899ED4EBF6}.Release|Any CPU.Build.0 = Release|Any CPU
		{CA7D0344-62C2-4E1D-A1D8-D6312929B22E}.Debug|Any CPU.ActiveCfg = Debug|Any CPU
		{CA7D0344-62C2-4E1D-A1D8-D6312929B22E}.Debug|Any CPU.Build.0 = Debug|Any CPU
		{CA7D0344-62C2-4E1D-A1D8-D6312929B22E}.Release|Any CPU.ActiveCfg = Release|Any CPU
		{CA7D0344-62C2-4E1D-A1D8-D6312929B22E}.Release|Any CPU.Build.0 = Release|Any CPU
		{C008B294-7C71-4E5C-BAE5-D4A48323208B}.Debug|Any CPU.ActiveCfg = Debug|Any CPU
		{C008B294-7C71-4E5C-BAE5-D4A48323208B}.Debug|Any CPU.Build.0 = Debug|Any CPU
		{C008B294-7C71-4E5C-BAE5-D4A48323208B}.Release|Any CPU.ActiveCfg = Release|Any CPU
		{C008B294-7C71-4E5C-BAE5-D4A48323208B}.Release|Any CPU.Build.0 = Release|Any CPU
	EndGlobalSection
	GlobalSection(SolutionProperties) = preSolution
		HideSolutionNode = FALSE
	EndGlobalSection
EndGlobal
